<?xml version="1.0" encoding="utf-8"?>
<Project ToolsVersion="4.0" xmlns="http://schemas.microsoft.com/developer/msbuild/2003">
  <ItemGroup>
    <Filter Include="imgui">
      <UniqueIdentifier>{0587d7a3-f2ce-4d56-b84f-a0005d3bfce6}</UniqueIdentifier>
    </Filter>
    <Filter Include="sources">
      <UniqueIdentifier>{08e36723-ce4f-4cff-9662-c40801cf1acf}</UniqueIdentifier>
    </Filter>
  </ItemGroup>
  <ItemGroup>
    <ClCompile Include="main.cpp" />
    <ClCompile Include="imgui\imgui.cpp" />
    <ClCompile Include="imgui\imgui_demo.cpp" />
    <ClCompile Include="imgui\imgui_draw.cpp" />
    <ClCompile Include="imgui\imgui_impl_dx11.cpp" />
    <ClCompile Include="imgui\imgui_impl_win32.cpp" />
    <ClCompile Include="imgui\imgui_tables.cpp" />
    <ClCompile Include="imgui\imgui_widgets.cpp" />
    <ClCompile Include="imgui\freetype\freetype.cpp" />
  </ItemGroup>
  <ItemGroup>
    <ClInclude Include="imgui\imconfig.h" />
    <ClInclude Include="imgui\imgui.h" />
    <ClInclude Include="imgui\imgui_impl_dx11.h" />
    <ClInclude Include="imgui\imgui_impl_win32.h" />
    <ClInclude Include="imgui\imgui_internal.h" />
    <ClInclude Include="imgui\imstb_rectpack.h" />
    <ClInclude Include="imgui\imstb_textedit.h" />
    <ClInclude Include="imgui\imstb_truetype.h" />
    <ClInclude Include="imgui\freetype\freetype.h" />
    <ClInclude Include="freetype\include\freetype\config\ftconfig.h" />
    <ClInclude Include="freetype\include\freetype\config\ftheader.h" />
    <ClInclude Include="freetype\include\freetype\config\ftmodule.h" />
    <ClInclude Include="freetype\include\freetype\config\ftoption.h" />
    <ClInclude Include="freetype\include\freetype\config\ftstdlib.h" />
    <ClInclude Include="freetype\include\freetype\config\integer-types.h" />
    <ClInclude Include="freetype\include\freetype\config\mac-support.h" />
    <ClInclude Include="freetype\include\freetype\config\public-macros.h" />
    <ClInclude Include="freetype\include\freetype\freetype.h" />
    <ClInclude Include="freetype\include\freetype\ftadvanc.h" />
    <ClInclude Include="freetype\include\freetype\ftbbox.h" />
    <ClInclude Include="freetype\include\freetype\ftbdf.h" />
    <ClInclude Include="freetype\include\freetype\ftbitmap.h" />
    <ClInclude Include="freetype\include\freetype\ftbzip2.h" />
    <ClInclude Include="freetype\include\freetype\ftcache.h" />
    <ClInclude Include="freetype\include\freetype\ftcid.h" />
    <ClInclude Include="freetype\include\freetype\ftcolor.h" />
    <ClInclude Include="freetype\include\freetype\ftdriver.h" />
    <ClInclude Include="freetype\include\freetype\fterrdef.h" />
    <ClInclude Include="freetype\include\freetype\fterrors.h" />
    <ClInclude Include="freetype\include\freetype\ftfntfmt.h" />
    <ClInclude Include="freetype\include\freetype\ftgasp.h" />
    <ClInclude Include="freetype\include\freetype\ftglyph.h" />
    <ClInclude Include="freetype\include\freetype\ftgxval.h" />
    <ClInclude Include="freetype\include\freetype\ftgzip.h" />
    <ClInclude Include="freetype\include\freetype\ftimage.h" />
    <ClInclude Include="freetype\include\freetype\ftincrem.h" />
    <ClInclude Include="freetype\include\freetype\ftlcdfil.h" />
    <ClInclude Include="freetype\include\freetype\ftlist.h" />
    <ClInclude Include="freetype\include\freetype\ftlogging.h" />
    <ClInclude Include="freetype\include\freetype\ftlzw.h" />
    <ClInclude Include="freetype\include\freetype\ftmac.h" />
    <ClInclude Include="freetype\include\freetype\ftmm.h" />
    <ClInclude Include="freetype\include\freetype\ftmodapi.h" />
    <ClInclude Include="freetype\include\freetype\ftmoderr.h" />
    <ClInclude Include="freetype\include\freetype\ftotval.h" />
    <ClInclude Include="freetype\include\freetype\ftoutln.h" />
    <ClInclude Include="freetype\include\freetype\ftparams.h" />
    <ClInclude Include="freetype\include\freetype\ftpfr.h" />
    <ClInclude Include="freetype\include\freetype\ftrender.h" />
    <ClInclude Include="freetype\include\freetype\ftsizes.h" />
    <ClInclude Include="freetype\include\freetype\ftsnames.h" />
    <ClInclude Include="freetype\include\freetype\ftstroke.h" />
    <ClInclude Include="freetype\include\freetype\ftsynth.h" />
    <ClInclude Include="freetype\include\freetype\ftsystem.h" />
    <ClInclude Include="freetype\include\freetype\fttrigon.h" />
    <ClInclude Include="freetype\include\freetype\fttypes.h" />
    <ClInclude Include="freetype\include\freetype\ftwinfnt.h" />
    <ClInclude Include="freetype\include\freetype\otsvg.h" />
    <ClInclude Include="freetype\include\freetype\t1tables.h" />
    <ClInclude Include="freetype\include\freetype\ttnameid.h" />
    <ClInclude Include="freetype\include\freetype\tttables.h" />
    <ClInclude Include="freetype\include\freetype\tttags.h" />
    <ClInclude Include="freetype\include\ft2build.h" />
    <ClInclude Include="verdana.h" />
  </ItemGroup>
  <ItemGroup>
    <Library Include="freetype\lib\x64\freetype.lib" />
    <Library Include="freetype\lib\x86\freetype.lib" />
  </ItemGroup>
</Project>